{
  "name": "EventMaster",
  "lockfileVersion": 3,
  "requires": true,
  "packages": {
    "": {
      "devDependencies": {
        "husky": "^9.1.2"
      }
    },
    "node_modules/husky": {
      "version": "9.1.2",
      "resolved": "https://registry.npmjs.org/husky/-/husky-9.1.2.tgz",
      "integrity": "sha512-1/aDMXZdhr1VdJJTLt6e7BipM0Jd9qkpubPiIplon1WmCeOy3nnzsCMeBqS9AsL5ioonl8F8y/F2CLOmk19/Pw==",
      "dev": true,
      "license": "MIT",
      "bin": {
        "husky": "bin.js"
      },
      "engines": {
        "node": ">=18"
      },
      "funding": {
        "url": "https://github.com/sponsors/typicode"
      }
    }
  }
}
